{
  "object": {
    "pins": [
      {
        "package": "Curry",
        "repositoryURL": "https://github.com/thoughtbot/Curry.git",
        "state": {
          "branch": null,
          "revision": "56f657c8a68dde445cc46630ccc84989213d93e8",
          "version": "5.0.0"
        }
      },
      {
        "package": "CwlCatchException",
        "repositoryURL": "https://github.com/mattgallagher/CwlCatchException.git",
        "state": {
          "branch": null,
          "revision": "f809deb30dc5c9d9b78c872e553261a61177721a",
          "version": "2.0.0"
        }
      },
      {
        "package": "CwlPreconditionTesting",
        "repositoryURL": "https://github.com/mattgallagher/CwlPreconditionTesting.git",
        "state": {
          "branch": null,
          "revision": "02b7a39a99c4da27abe03cab2053a9034379639f",
          "version": "2.0.0"
        }
      },
      {
        "package": "DateHelper",
        "repositoryURL": "https://github.com/melvitax/DateHelper.git",
        "state": {
          "branch": null,
          "revision": "8dfbbea6e285d6f63d4dd39a15466809e2cc28f9",
          "version": "4.5.3"
        }
      },
      {
        "package": "Kingfisher",
        "repositoryURL": "https://github.com/onevcat/Kingfisher.git",
        "state": {
          "branch": null,
          "revision": "44450a8f564d7c0165f736ba2250649ff8d3e556",
          "version": "6.3.0"
        }
      },
      {
        "package": "Nimble",
        "repositoryURL": "https://github.com/Quick/Nimble.git",
        "state": {
          "branch": null,
          "revision": "af1730dde4e6c0d45bf01b99f8a41713ce536790",
          "version": "9.2.0"
        }
      },
      {
        "package": "Quick",
        "repositoryURL": "https://github.com/Quick/Quick",
        "state": {
          "branch": null,
          "revision": "bd86ca0141e3cfb333546de5a11ede63f0c4a0e6",
          "version": "4.0.0"
        }
      },
      {
        "package": "R.swift.Library",
        "repositoryURL": "https://github.com/mac-cain13/R.swift.Library.git",
        "state": {
          "branch": null,
          "revision": "8998cfe77f4fce79ee6dfab0c88a7d551659d8fb",
          "version": "5.4.0"
        }
      },
      {
        "package": "ReactiveCocoa",
        "repositoryURL": "https://github.com/ReactiveCocoa/ReactiveCocoa.git",
        "state": {
          "branch": null,
          "revision": "376f98e9341bfe4daba01909d51acf47fde456d7",
          "version": "11.2.1"
        }
      },
      {
        "package": "ReactiveSwift",
        "repositoryURL": "https://github.com/ReactiveCocoa/ReactiveSwift.git",
        "state": {
          "branch": null,
          "revision": "4a8e1e4a683e96daf658f68132dae781738bc862",
          "version": "6.6.0"
        }
      },
      {
        "package": "SnapKit",
        "repositoryURL": "https://github.com/SnapKit/SnapKit.git",
        "state": {
          "branch": null,
          "revision": "d458564516e5676af9c70b4f4b2a9178294f1bc6",
          "version": "5.0.1"
        }
      }
    ]
  },
  "version": 1
}
